
Microsoft Visual Studio Solution File, Format Version 12.00
# Visual Studio Version 17
VisualStudioVersion = 17.2.32616.157
MinimumVisualStudioVersion = 10.0.40219.1
Project("{FAE04EC0-301F-11D3-BF4B-00C04F79EFBC}") = "ClassLibrary12", "ClassLibrary12\ClassLibrary12.csproj", "{6C5E06CF-EC3B-47D8-A21A-91FA497B6D0E}"
EndProject
Project("{FAE04EC0-301F-11D3-BF4B-00C04F79EFBC}") = "ClassLibrary12Tests", "ClassLibrary12Tests\ClassLibrary12Tests.csproj", "{B78FABB6-F925-46D8-83C6-AB44660F494B}"
EndProject
Global
	GlobalSection(SolutionConfigurationPlatforms) = preSolution
		Debug|Any CPU = Debug|Any CPU
		Release|Any CPU = Release|Any CPU
	EndGlobalSection
	GlobalSection(ProjectConfigurationPlatforms) = postSolution
		{6C5E06CF-EC3B-47D8-A21A-91FA497B6D0E}.Debug|Any CPU.ActiveCfg = Debug|Any CPU
		{6C5E06CF-EC3B-47D8-A21A-91FA497B6D0E}.Debug|Any CPU.Build.0 = Debug|Any CPU
		{6C5E06CF-EC3B-47D8-A21A-91FA497B6D0E}.Release|Any CPU.ActiveCfg = Release|Any CPU
		{6C5E06CF-EC3B-47D8-A21A-91FA497B6D0E}.Release|Any CPU.Build.0 = Release|Any CPU
		{B78FABB6-F925-46D8-83C6-AB44660F494B}.Debug|Any CPU.ActiveCfg = Debug|Any CPU
		{B78FABB6-F925-46D8-83C6-AB44660F494B}.Debug|Any CPU.Build.0 = Debug|Any CPU
		{B78FABB6-F925-46D8-83C6-AB44660F494B}.Release|Any CPU.ActiveCfg = Release|Any CPU
		{B78FABB6-F925-46D8-83C6-AB44660F494B}.Release|Any CPU.Build.0 = Release|Any CPU
	EndGlobalSection
	GlobalSection(SolutionProperties) = preSolution
		HideSolutionNode = FALSE
	EndGlobalSection
	GlobalSection(ExtensibilityGlobals) = postSolution
		SolutionGuid = {0F3915BD-40EC-4056-8CAE-A740FAEA63E9}
	EndGlobalSection
EndGlobal
